Microsoft Visual Studio Solution File, Format Version 12.00
# Visual Studio Version 17
VisualStudioVersion = 17.5.2.0
MinimumVisualStudioVersion = 10.0.40219.1
Project("{FAE04EC0-301F-11D3-BF4B-00C04F79EFBC}") = "SeleniumBot", "SeleniumBot\SeleniumBot.csproj", "{39039E92-8329-6C27-C965-243B90A92421}"
EndProject
Global
	GlobalSection(SolutionConfigurationPlatforms) = preSolution
		Debug|Any CPU = Debug|Any CPU
		Release|Any CPU = Release|Any CPU
	EndGlobalSection
	GlobalSection(ProjectConfigurationPlatforms) = postSolution
		{39039E92-8329-6C27-C965-243B90A92421}.Debug|Any CPU.ActiveCfg = Debug|Any CPU
		{39039E92-8329-6C27-C965-243B90A92421}.Debug|Any CPU.Build.0 = Debug|Any CPU
		{39039E92-8329-6C27-C965-243B90A92421}.Release|Any CPU.ActiveCfg = Release|Any CPU
		{39039E92-8329-6C27-C965-243B90A92421}.Release|Any CPU.Build.0 = Release|Any CPU
	EndGlobalSection
	GlobalSection(SolutionProperties) = preSolution
		HideSolutionNode = FALSE
	EndGlobalSection
	GlobalSection(ExtensibilityGlobals) = postSolution
		SolutionGuid = {126629E2-9FE6-4B4B-ADDD-233636B57104}
	EndGlobalSection
EndGlobal
